Microsoft Visual Studio Solution File, Format Version 12.00
# Visual Studio Version 17
VisualStudioVersion = 17.5.2.0
MinimumVisualStudioVersion = 10.0.40219.1
Project("{FAE04EC0-301F-11D3-BF4B-00C04F79EFBC}") = "HNG0", "HNG0.csproj", "{76280C2D-E307-464D-F9B7-D75492093BF1}"
EndProject
Global
	GlobalSection(SolutionConfigurationPlatforms) = preSolution
		Debug|Any CPU = Debug|Any CPU
		Release|Any CPU = Release|Any CPU
	EndGlobalSection
	GlobalSection(ProjectConfigurationPlatforms) = postSolution
		{76280C2D-E307-464D-F9B7-D75492093BF1}.Debug|Any CPU.ActiveCfg = Debug|Any CPU
		{76280C2D-E307-464D-F9B7-D75492093BF1}.Debug|Any CPU.Build.0 = Debug|Any CPU
		{76280C2D-E307-464D-F9B7-D75492093BF1}.Release|Any CPU.ActiveCfg = Release|Any CPU
		{76280C2D-E307-464D-F9B7-D75492093BF1}.Release|Any CPU.Build.0 = Release|Any CPU
	EndGlobalSection
	GlobalSection(SolutionProperties) = preSolution
		HideSolutionNode = FALSE
	EndGlobalSection
	GlobalSection(ExtensibilityGlobals) = postSolution
		SolutionGuid = {F1402D4B-642E-47DD-B044-8EEFFCD4E4B9}
	EndGlobalSection
EndGlobal
